// !$*UTF8*$!
{
	archiveVersion = 1;
	classes = {
	};
	objectVersion = 56;
	objects = {

/* Begin PBXBuildFile section */
		18C47C81298444D50043C850 /* ListRowItemView.swift in Sources */ = {isa = PBXBuildFile; fileRef = 18C47C80298444D50043C850 /* ListRowItemView.swift */; };
		18C47C83298446E60043C850 /* CheckBoxStyle.swift in Sources */ = {isa = PBXBuildFile; fileRef = 18C47C82298446E60043C850 /* CheckBoxStyle.swift */; };
		18E9D27029804F8D00808ADA /* NewTaskItemView.swift in Sources */ = {isa = PBXBuildFile; fileRef = 18E9D26F29804F8D00808ADA /* NewTaskItemView.swift */; };
		18F0F43D2986D21900FACA23 /* SoundPlayer.swift in Sources */ = {isa = PBXBuildFile; fileRef = 18F0F43C2986D21900FACA23 /* SoundPlayer.swift */; };
		18F0F4452986D68B00FACA23 /* WidgetKit.framework in Frameworks */ = {isa = PBXBuildFile; fileRef = 18F0F4442986D68B00FACA23 /* WidgetKit.framework */; };
		18F0F4472986D68B00FACA23 /* SwiftUI.framework in Frameworks */ = {isa = PBXBuildFile; fileRef = 18F0F4462986D68B00FACA23 /* SwiftUI.framework */; };
		18F0F44A2986D68B00FACA23 /* DevoteWidget.swift in Sources */ = {isa = PBXBuildFile; fileRef = 18F0F4492986D68B00FACA23 /* DevoteWidget.swift */; };
		18F0F44C2986D68D00FACA23 /* Assets.xcassets in Resources */ = {isa = PBXBuildFile; fileRef = 18F0F44B2986D68D00FACA23 /* Assets.xcassets */; };
		18F0F4502986D68D00FACA23 /* DevoteWidgetExtension.appex in Embed Foundation Extensions */ = {isa = PBXBuildFile; fileRef = 18F0F4422986D68B00FACA23 /* DevoteWidgetExtension.appex */; settings = {ATTRIBUTES = (RemoveHeadersOnCopy, ); }; };
		18F0F4552986DAB800FACA23 /* Assets.xcassets in Resources */ = {isa = PBXBuildFile; fileRef = 18F9AD0A296E504C004A3F0F /* Assets.xcassets */; };
		18F0F4562986DB1D00FACA23 /* Constants.swift in Sources */ = {isa = PBXBuildFile; fileRef = 18F9AD2A29707BDA004A3F0F /* Constants.swift */; };
		18F413D52981926A000CB7B5 /* BlankView.swift in Sources */ = {isa = PBXBuildFile; fileRef = 18F413D42981926A000CB7B5 /* BlankView.swift */; };
		18F6177A297EF8E9008DCBED /* BackgroundImageView.swift in Sources */ = {isa = PBXBuildFile; fileRef = 18F61779297EF8E9008DCBED /* BackgroundImageView.swift */; };
		18F63950297DA1BE00B8F4E8 /* HideKeyboardExtension.swift in Sources */ = {isa = PBXBuildFile; fileRef = 18F6394F297DA1BE00B8F4E8 /* HideKeyboardExtension.swift */; };
		18F9AD07296E5049004A3F0F /* DevoteCoreDataApp.swift in Sources */ = {isa = PBXBuildFile; fileRef = 18F9AD06296E5049004A3F0F /* DevoteCoreDataApp.swift */; };
		18F9AD09296E5049004A3F0F /* ContentView.swift in Sources */ = {isa = PBXBuildFile; fileRef = 18F9AD08296E5049004A3F0F /* ContentView.swift */; };
		18F9AD0B296E504C004A3F0F /* Assets.xcassets in Resources */ = {isa = PBXBuildFile; fileRef = 18F9AD0A296E504C004A3F0F /* Assets.xcassets */; };
		18F9AD0E296E504C004A3F0F /* Preview Assets.xcassets in Resources */ = {isa = PBXBuildFile; fileRef = 18F9AD0D296E504C004A3F0F /* Preview Assets.xcassets */; };
		18F9AD10296E504C004A3F0F /* Persistence.swift in Sources */ = {isa = PBXBuildFile; fileRef = 18F9AD0F296E504C004A3F0F /* Persistence.swift */; };
		18F9AD13296E504C004A3F0F /* DevoteCoreData.xcdatamodeld in Sources */ = {isa = PBXBuildFile; fileRef = 18F9AD11296E504C004A3F0F /* DevoteCoreData.xcdatamodeld */; };
		18F9AD1C296E520A004A3F0F /* sound-tap.mp3 in Resources */ = {isa = PBXBuildFile; fileRef = 18F9AD19296E520A004A3F0F /* sound-tap.mp3 */; };
		18F9AD1D296E520A004A3F0F /* sound-ding.mp3 in Resources */ = {isa = PBXBuildFile; fileRef = 18F9AD1A296E520A004A3F0F /* sound-ding.mp3 */; };
		18F9AD1E296E520A004A3F0F /* sound-rise.mp3 in Resources */ = {isa = PBXBuildFile; fileRef = 18F9AD1B296E520A004A3F0F /* sound-rise.mp3 */; };
		18F9AD2B29707BDA004A3F0F /* Constants.swift in Sources */ = {isa = PBXBuildFile; fileRef = 18F9AD2A29707BDA004A3F0F /* Constants.swift */; };
/* End PBXBuildFile section */

/* Begin PBXContainerItemProxy section */
		18F0F44E2986D68D00FACA23 /* PBXContainerItemProxy */ = {
			isa = PBXContainerItemProxy;
			containerPortal = 18F9ACFB296E5049004A3F0F /* Project object */;
			proxyType = 1;
			remoteGlobalIDString = 18F0F4412986D68B00FACA23;
			remoteInfo = DevoteWidgetExtension;
		};
/* End PBXContainerItemProxy section */

/* Begin PBXCopyFilesBuildPhase section */
		18F0F4542986D68D00FACA23 /* Embed Foundation Extensions */ = {
			isa = PBXCopyFilesBuildPhase;
			buildActionMask = 2147483647;
			dstPath = "";
			dstSubfolderSpec = 13;
			files = (
				18F0F4502986D68D00FACA23 /* DevoteWidgetExtension.appex in Embed Foundation Extensions */,
			);
			name = "Embed Foundation Extensions";
			runOnlyForDeploymentPostprocessing = 0;
		};
/* End PBXCopyFilesBuildPhase section */

/* Begin PBXFileReference section */
		18C47C80298444D50043C850 /* ListRowItemView.swift */ = {isa = PBXFileReference; lastKnownFileType = sourcecode.swift; path = ListRowItemView.swift; sourceTree = "<group>"; };
		18C47C82298446E60043C850 /* CheckBoxStyle.swift */ = {isa = PBXFileReference; lastKnownFileType = sourcecode.swift; path = CheckBoxStyle.swift; sourceTree = "<group>"; };
		18E9D26F29804F8D00808ADA /* NewTaskItemView.swift */ = {isa = PBXFileReference; lastKnownFileType = sourcecode.swift; path = NewTaskItemView.swift; sourceTree = "<group>"; };
		18F0F43C2986D21900FACA23 /* SoundPlayer.swift */ = {isa = PBXFileReference; lastKnownFileType = sourcecode.swift; path = SoundPlayer.swift; sourceTree = "<group>"; };
		18F0F4422986D68B00FACA23 /* DevoteWidgetExtension.appex */ = {isa = PBXFileReference; explicitFileType = "wrapper.app-extension"; includeInIndex = 0; path = DevoteWidgetExtension.appex; sourceTree = BUILT_PRODUCTS_DIR; };
		18F0F4442986D68B00FACA23 /* WidgetKit.framework */ = {isa = PBXFileReference; lastKnownFileType = wrapper.framework; name = WidgetKit.framework; path = System/Library/Frameworks/WidgetKit.framework; sourceTree = SDKROOT; };
		18F0F4462986D68B00FACA23 /* SwiftUI.framework */ = {isa = PBXFileReference; lastKnownFileType = wrapper.framework; name = SwiftUI.framework; path = System/Library/Frameworks/SwiftUI.framework; sourceTree = SDKROOT; };
		18F0F4492986D68B00FACA23 /* DevoteWidget.swift */ = {isa = PBXFileReference; lastKnownFileType = sourcecode.swift; path = DevoteWidget.swift; sourceTree = "<group>"; };
		18F0F44B2986D68D00FACA23 /* Assets.xcassets */ = {isa = PBXFileReference; lastKnownFileType = folder.assetcatalog; path = Assets.xcassets; sourceTree = "<group>"; };
		18F0F44D2986D68D00FACA23 /* Info.plist */ = {isa = PBXFileReference; lastKnownFileType = text.plist.xml; path = Info.plist; sourceTree = "<group>"; };
		18F413D42981926A000CB7B5 /* BlankView.swift */ = {isa = PBXFileReference; lastKnownFileType = sourcecode.swift; path = BlankView.swift; sourceTree = "<group>"; };
		18F61779297EF8E9008DCBED /* BackgroundImageView.swift */ = {isa = PBXFileReference; lastKnownFileType = sourcecode.swift; path = BackgroundImageView.swift; sourceTree = "<group>"; };
		18F6394F297DA1BE00B8F4E8 /* HideKeyboardExtension.swift */ = {isa = PBXFileReference; lastKnownFileType = sourcecode.swift; path = HideKeyboardExtension.swift; sourceTree = "<group>"; };
		18F9AD03296E5049004A3F0F /* DevoteCoreData.app */ = {isa = PBXFileReference; explicitFileType = wrapper.application; includeInIndex = 0; path = DevoteCoreData.app; sourceTree = BUILT_PRODUCTS_DIR; };
		18F9AD06296E5049004A3F0F /* DevoteCoreDataApp.swift */ = {isa = PBXFileReference; lastKnownFileType = sourcecode.swift; path = DevoteCoreDataApp.swift; sourceTree = "<group>"; };
		18F9AD08296E5049004A3F0F /* ContentView.swift */ = {isa = PBXFileReference; lastKnownFileType = sourcecode.swift; path = ContentView.swift; sourceTree = "<group>"; };
		18F9AD0A296E504C004A3F0F /* Assets.xcassets */ = {isa = PBXFileReference; lastKnownFileType = folder.assetcatalog; path = Assets.xcassets; sourceTree = "<group>"; };
		18F9AD0D296E504C004A3F0F /* Preview Assets.xcassets */ = {isa = PBXFileReference; lastKnownFileType = folder.assetcatalog; path = "Preview Assets.xcassets"; sourceTree = "<group>"; };
		18F9AD0F296E504C004A3F0F /* Persistence.swift */ = {isa = PBXFileReference; lastKnownFileType = sourcecode.swift; path = Persistence.swift; sourceTree = "<group>"; };
		18F9AD12296E504C004A3F0F /* DevoteCoreData.xcdatamodel */ = {isa = PBXFileReference; lastKnownFileType = wrapper.xcdatamodel; path = DevoteCoreData.xcdatamodel; sourceTree = "<group>"; };
		18F9AD19296E520A004A3F0F /* sound-tap.mp3 */ = {isa = PBXFileReference; lastKnownFileType = audio.mp3; path = "sound-tap.mp3"; sourceTree = "<group>"; };
		18F9AD1A296E520A004A3F0F /* sound-ding.mp3 */ = {isa = PBXFileReference; lastKnownFileType = audio.mp3; path = "sound-ding.mp3"; sourceTree = "<group>"; };
		18F9AD1B296E520A004A3F0F /* sound-rise.mp3 */ = {isa = PBXFileReference; lastKnownFileType = audio.mp3; path = "sound-rise.mp3"; sourceTree = "<group>"; };
		18F9AD25296E5293004A3F0F /* Info.plist */ = {isa = PBXFileReference; lastKnownFileType = text.plist; path = Info.plist; sourceTree = "<group>"; };
		18F9AD2A29707BDA004A3F0F /* Constants.swift */ = {isa = PBXFileReference; lastKnownFileType = sourcecode.swift; path = Constants.swift; sourceTree = "<group>"; };
/* End PBXFileReference section */

/* Begin PBXFrameworksBuildPhase section */
		18F0F43F2986D68B00FACA23 /* Frameworks */ = {
			isa = PBXFrameworksBuildPhase;
			buildActionMask = 2147483647;
			files = (
				18F0F4472986D68B00FACA23 /* SwiftUI.framework in Frameworks */,
				18F0F4452986D68B00FACA23 /* WidgetKit.framework in Frameworks */,
			);
			runOnlyForDeploymentPostprocessing = 0;
		};
		18F9AD00296E5049004A3F0F /* Frameworks */ = {
			isa = PBXFrameworksBuildPhase;
			buildActionMask = 2147483647;
			files = (
			);
			runOnlyForDeploymentPostprocessing = 0;
		};
/* End PBXFrameworksBuildPhase section */

/* Begin PBXGroup section */
		18F0F4432986D68B00FACA23 /* Frameworks */ = {
			isa = PBXGroup;
			children = (
				18F0F4442986D68B00FACA23 /* WidgetKit.framework */,
				18F0F4462986D68B00FACA23 /* SwiftUI.framework */,
			);
			name = Frameworks;
			sourceTree = "<group>";
		};
		18F0F4482986D68B00FACA23 /* DevoteWidget */ = {
			isa = PBXGroup;
			children = (
				18F0F4492986D68B00FACA23 /* DevoteWidget.swift */,
				18F0F44B2986D68D00FACA23 /* Assets.xcassets */,
				18F0F44D2986D68D00FACA23 /* Info.plist */,
			);
			path = DevoteWidget;
			sourceTree = "<group>";
		};
		18F9ACFA296E5049004A3F0F = {
			isa = PBXGroup;
			children = (
				18F9AD05296E5049004A3F0F /* DevoteCoreData */,
				18F0F4482986D68B00FACA23 /* DevoteWidget */,
				18F0F4432986D68B00FACA23 /* Frameworks */,
				18F9AD04296E5049004A3F0F /* Products */,
			);
			sourceTree = "<group>";
		};
		18F9AD04296E5049004A3F0F /* Products */ = {
			isa = PBXGroup;
			children = (
				18F9AD03296E5049004A3F0F /* DevoteCoreData.app */,
				18F0F4422986D68B00FACA23 /* DevoteWidgetExtension.appex */,
			);
			name = Products;
			sourceTree = "<group>";
		};
		18F9AD05296E5049004A3F0F /* DevoteCoreData */ = {
			isa = PBXGroup;
			children = (
				18F9AD25296E5293004A3F0F /* Info.plist */,
				18F9AD23296E5245004A3F0F /* Utility */,
				18F9AD22296E523E004A3F0F /* Style */,
				18F9AD21296E522D004A3F0F /* Extension */,
				18F9AD1F296E5213004A3F0F /* Sound */,
				18F9AD24296E5259004A3F0F /* Model */,
				18F9AD20296E5220004A3F0F /* View */,
				18F9AD0A296E504C004A3F0F /* Assets.xcassets */,
				18F9AD11296E504C004A3F0F /* DevoteCoreData.xcdatamodeld */,
				18F9AD0C296E504C004A3F0F /* Preview Content */,
			);
			path = DevoteCoreData;
			sourceTree = "<group>";
		};
		18F9AD0C296E504C004A3F0F /* Preview Content */ = {
			isa = PBXGroup;
			children = (
				18F9AD0D296E504C004A3F0F /* Preview Assets.xcassets */,
			);
			path = "Preview Content";
			sourceTree = "<group>";
		};
		18F9AD1F296E5213004A3F0F /* Sound */ = {
			isa = PBXGroup;
			children = (
				18F9AD1A296E520A004A3F0F /* sound-ding.mp3 */,
				18F9AD1B296E520A004A3F0F /* sound-rise.mp3 */,
				18F9AD19296E520A004A3F0F /* sound-tap.mp3 */,
			);
			path = Sound;
			sourceTree = "<group>";
		};
		18F9AD20296E5220004A3F0F /* View */ = {
			isa = PBXGroup;
			children = (
				18F9AD08296E5049004A3F0F /* ContentView.swift */,
				18F61779297EF8E9008DCBED /* BackgroundImageView.swift */,
				18E9D26F29804F8D00808ADA /* NewTaskItemView.swift */,
				18F413D42981926A000CB7B5 /* BlankView.swift */,
				18C47C80298444D50043C850 /* ListRowItemView.swift */,
			);
			path = View;
			sourceTree = "<group>";
		};
		18F9AD21296E522D004A3F0F /* Extension */ = {
			isa = PBXGroup;
			children = (
				18F6394F297DA1BE00B8F4E8 /* HideKeyboardExtension.swift */,
			);
			path = Extension;
			sourceTree = "<group>";
		};
		18F9AD22296E523E004A3F0F /* Style */ = {
			isa = PBXGroup;
			children = (
				18C47C82298446E60043C850 /* CheckBoxStyle.swift */,
			);
			path = Style;
			sourceTree = "<group>";
		};
		18F9AD23296E5245004A3F0F /* Utility */ = {
			isa = PBXGroup;
			children = (
				18F9AD2A29707BDA004A3F0F /* Constants.swift */,
				18F0F43C2986D21900FACA23 /* SoundPlayer.swift */,
			);
			path = Utility;
			sourceTree = "<group>";
		};
		18F9AD24296E5259004A3F0F /* Model */ = {
			isa = PBXGroup;
			children = (
				18F9AD06296E5049004A3F0F /* DevoteCoreDataApp.swift */,
				18F9AD0F296E504C004A3F0F /* Persistence.swift */,
			);
			path = Model;
			sourceTree = "<group>";
		};
/* End PBXGroup section */

/* Begin PBXNativeTarget section */
		18F0F4412986D68B00FACA23 /* DevoteWidgetExtension */ = {
			isa = PBXNativeTarget;
			buildConfigurationList = 18F0F4512986D68D00FACA23 /* Build configuration list for PBXNativeTarget "DevoteWidgetExtension" */;
			buildPhases = (
				18F0F43E2986D68B00FACA23 /* Sources */,
				18F0F43F2986D68B00FACA23 /* Frameworks */,
				18F0F4402986D68B00FACA23 /* Resources */,
			);
			buildRules = (
			);
			dependencies = (
			);
			name = DevoteWidgetExtension;
			productName = DevoteWidgetExtension;
			productReference = 18F0F4422986D68B00FACA23 /* DevoteWidgetExtension.appex */;
			productType = "com.apple.product-type.app-extension";
		};
		18F9AD02296E5049004A3F0F /* DevoteCoreData */ = {
			isa = PBXNativeTarget;
			buildConfigurationList = 18F9AD16296E504C004A3F0F /* Build configuration list for PBXNativeTarget "DevoteCoreData" */;
			buildPhases = (
				18F9ACFF296E5049004A3F0F /* Sources */,
				18F9AD00296E5049004A3F0F /* Frameworks */,
				18F9AD01296E5049004A3F0F /* Resources */,
				18F0F4542986D68D00FACA23 /* Embed Foundation Extensions */,
			);
			buildRules = (
			);
			dependencies = (
				18F0F44F2986D68D00FACA23 /* PBXTargetDependency */,
			);
			name = DevoteCoreData;
			productName = DevoteCoreData;
			productReference = 18F9AD03296E5049004A3F0F /* DevoteCoreData.app */;
			productType = "com.apple.product-type.application";
		};
/* End PBXNativeTarget section */

/* Begin PBXProject section */
		18F9ACFB296E5049004A3F0F /* Project object */ = {
			isa = PBXProject;
			attributes = {
				BuildIndependentTargetsInParallel = 1;
				LastSwiftUpdateCheck = 1400;
				LastUpgradeCheck = 1400;
				TargetAttributes = {
					18F0F4412986D68B00FACA23 = {
						CreatedOnToolsVersion = 14.0;
					};
					18F9AD02296E5049004A3F0F = {
						CreatedOnToolsVersion = 14.0;
					};
				};
			};
			buildConfigurationList = 18F9ACFE296E5049004A3F0F /* Build configuration list for PBXProject "DevoteCoreData" */;
			compatibilityVersion = "Xcode 14.0";
			developmentRegion = en;
			hasScannedForEncodings = 0;
			knownRegions = (
				en,
				Base,
			);
			mainGroup = 18F9ACFA296E5049004A3F0F;
			productRefGroup = 18F9AD04296E5049004A3F0F /* Products */;
			projectDirPath = "";
			projectRoot = "";
			targets = (
				18F9AD02296E5049004A3F0F /* DevoteCoreData */,
				18F0F4412986D68B00FACA23 /* DevoteWidgetExtension */,
			);
		};
/* End PBXProject section */

/* Begin PBXResourcesBuildPhase section */
		18F0F4402986D68B00FACA23 /* Resources */ = {
			isa = PBXResourcesBuildPhase;
			buildActionMask = 2147483647;
			files = (
				18F0F4552986DAB800FACA23 /* Assets.xcassets in Resources */,
				18F0F44C2986D68D00FACA23 /* Assets.xcassets in Resources */,
			);
			runOnlyForDeploymentPostprocessing = 0;
		};
		18F9AD01296E5049004A3F0F /* Resources */ = {
			isa = PBXResourcesBuildPhase;
			buildActionMask = 2147483647;
			files = (
				18F9AD1E296E520A004A3F0F /* sound-rise.mp3 in Resources */,
				18F9AD1D296E520A004A3F0F /* sound-ding.mp3 in Resources */,
				18F9AD1C296E520A004A3F0F /* sound-tap.mp3 in Resources */,
				18F9AD0E296E504C004A3F0F /* Preview Assets.xcassets in Resources */,
				18F9AD0B296E504C004A3F0F /* Assets.xcassets in Resources */,
			);
			runOnlyForDeploymentPostprocessing = 0;
		};
/* End PBXResourcesBuildPhase section */

/* Begin PBXSourcesBuildPhase section */
		18F0F43E2986D68B00FACA23 /* Sources */ = {
			isa = PBXSourcesBuildPhase;
			buildActionMask = 2147483647;
			files = (
				18F0F44A2986D68B00FACA23 /* DevoteWidget.swift in Sources */,
				18F0F4562986DB1D00FACA23 /* Constants.swift in Sources */,
			);
			runOnlyForDeploymentPostprocessing = 0;
		};
		18F9ACFF296E5049004A3F0F /* Sources */ = {
			isa = PBXSourcesBuildPhase;
			buildActionMask = 2147483647;
			files = (
				18F9AD2B29707BDA004A3F0F /* Constants.swift in Sources */,
				18F9AD10296E504C004A3F0F /* Persistence.swift in Sources */,
				18F6177A297EF8E9008DCBED /* BackgroundImageView.swift in Sources */,
				18F63950297DA1BE00B8F4E8 /* HideKeyboardExtension.swift in Sources */,
				18F413D52981926A000CB7B5 /* BlankView.swift in Sources */,
				18F9AD13296E504C004A3F0F /* DevoteCoreData.xcdatamodeld in Sources */,
				18F9AD09296E5049004A3F0F /* ContentView.swift in Sources */,
				18F9AD07296E5049004A3F0F /* DevoteCoreDataApp.swift in Sources */,
				18C47C83298446E60043C850 /* CheckBoxStyle.swift in Sources */,
				18C47C81298444D50043C850 /* ListRowItemView.swift in Sources */,
				18F0F43D2986D21900FACA23 /* SoundPlayer.swift in Sources */,
				18E9D27029804F8D00808ADA /* NewTaskItemView.swift in Sources */,
			);
			runOnlyForDeploymentPostprocessing = 0;
		};
/* End PBXSourcesBuildPhase section */

/* Begin PBXTargetDependency section */
		18F0F44F2986D68D00FACA23 /* PBXTargetDependency */ = {
			isa = PBXTargetDependency;
			target = 18F0F4412986D68B00FACA23 /* DevoteWidgetExtension */;
			targetProxy = 18F0F44E2986D68D00FACA23 /* PBXContainerItemProxy */;
		};
/* End PBXTargetDependency section */

/* Begin XCBuildConfiguration section */
		18F0F4522986D68D00FACA23 /* Debug */ = {
			isa = XCBuildConfiguration;
			buildSettings = {
				ASSETCATALOG_COMPILER_GLOBAL_ACCENT_COLOR_NAME = AccentColor;
				ASSETCATALOG_COMPILER_WIDGET_BACKGROUND_COLOR_NAME = WidgetBackground;
				CODE_SIGN_STYLE = Automatic;
				CURRENT_PROJECT_VERSION = 1;
				DEVELOPMENT_TEAM = A8MY7W6Z5F;
				GENERATE_INFOPLIST_FILE = YES;
				INFOPLIST_FILE = DevoteWidget/Info.plist;
				INFOPLIST_KEY_CFBundleDisplayName = DevoteWidget;
				INFOPLIST_KEY_NSHumanReadableCopyright = "";
				LD_RUNPATH_SEARCH_PATHS = (
					"$(inherited)",
					"@executable_path/Frameworks",
					"@executable_path/../../Frameworks",
				);
				MARKETING_VERSION = 1.0;
				PRODUCT_BUNDLE_IDENTIFIER = com.GS.L.DevoteCoreData.DevoteWidget;
				PRODUCT_NAME = "$(TARGET_NAME)";
				SKIP_INSTALL = YES;
				SWIFT_EMIT_LOC_STRINGS = YES;
				SWIFT_VERSION = 5.0;
				TARGETED_DEVICE_FAMILY = "1,2";
			};
			name = Debug;
		};
		18F0F4532986D68D00FACA23 /* Release */ = {
			isa = XCBuildConfiguration;
			buildSettings = {
				ASSETCATALOG_COMPILER_GLOBAL_ACCENT_COLOR_NAME = AccentColor;
				ASSETCATALOG_COMPILER_WIDGET_BACKGROUND_COLOR_NAME = WidgetBackground;
				CODE_SIGN_STYLE = Automatic;
				CURRENT_PROJECT_VERSION = 1;
				DEVELOPMENT_TEAM = A8MY7W6Z5F;
				GENERATE_INFOPLIST_FILE = YES;
				INFOPLIST_FILE = DevoteWidget/Info.plist;
				INFOPLIST_KEY_CFBundleDisplayName = DevoteWidget;
				INFOPLIST_KEY_NSHumanReadableCopyright = "";
				LD_RUNPATH_SEARCH_PATHS = (
					"$(inherited)",
					"@executable_path/Frameworks",
					"@executable_path/../../Frameworks",
				);
				MARKETING_VERSION = 1.0;
				PRODUCT_BUNDLE_IDENTIFIER = com.GS.L.DevoteCoreData.DevoteWidget;
				PRODUCT_NAME = "$(TARGET_NAME)";
				SKIP_INSTALL = YES;
				SWIFT_EMIT_LOC_STRINGS = YES;
				SWIFT_VERSION = 5.0;
				TARGETED_DEVICE_FAMILY = "1,2";
			};
			name = Release;
		};
		18F9AD14296E504C004A3F0F /* Debug */ = {
			isa = XCBuildConfiguration;
			buildSettings = {
				ALWAYS_SEARCH_USER_PATHS = NO;
				CLANG_ANALYZER_NONNULL = YES;
				CLANG_ANALYZER_NUMBER_OBJECT_CONVERSION = YES_AGGRESSIVE;
				CLANG_CXX_LANGUAGE_STANDARD = "gnu++20";
				CLANG_ENABLE_MODULES = YES;
				CLANG_ENABLE_OBJC_ARC = YES;
				CLANG_ENABLE_OBJC_WEAK = YES;
				CLANG_WARN_BLOCK_CAPTURE_AUTORELEASING = YES;
				CLANG_WARN_BOOL_CONVERSION = YES;
				CLANG_WARN_COMMA = YES;
				CLANG_WARN_CONSTANT_CONVERSION = YES;
				CLANG_WARN_DEPRECATED_OBJC_IMPLEMENTATIONS = YES;
				CLANG_WARN_DIRECT_OBJC_ISA_USAGE = YES_ERROR;
				CLANG_WARN_DOCUMENTATION_COMMENTS = YES;
				CLANG_WARN_EMPTY_BODY = YES;
				CLANG_WARN_ENUM_CONVERSION = YES;
				CLANG_WARN_INFINITE_RECURSION = YES;
				CLANG_WARN_INT_CONVERSION = YES;
				CLANG_WARN_NON_LITERAL_NULL_CONVERSION = YES;
				CLANG_WARN_OBJC_IMPLICIT_RETAIN_SELF = YES;
				CLANG_WARN_OBJC_LITERAL_CONVERSION = YES;
				CLANG_WARN_OBJC_ROOT_CLASS = YES_ERROR;
				CLANG_WARN_QUOTED_INCLUDE_IN_FRAMEWORK_HEADER = YES;
				CLANG_WARN_RANGE_LOOP_ANALYSIS = YES;
				CLANG_WARN_STRICT_PROTOTYPES = YES;
				CLANG_WARN_SUSPICIOUS_MOVE = YES;
				CLANG_WARN_UNGUARDED_AVAILABILITY = YES_AGGRESSIVE;
				CLANG_WARN_UNREACHABLE_CODE = YES;
				CLANG_WARN__DUPLICATE_METHOD_MATCH = YES;
				COPY_PHASE_STRIP = NO;
				DEBUG_INFORMATION_FORMAT = dwarf;
				ENABLE_STRICT_OBJC_MSGSEND = YES;
				ENABLE_TESTABILITY = YES;
				GCC_C_LANGUAGE_STANDARD = gnu11;
				GCC_DYNAMIC_NO_PIC = NO;
				GCC_NO_COMMON_BLOCKS = YES;
				GCC_OPTIMIZATION_LEVEL = 0;
				GCC_PREPROCESSOR_DEFINITIONS = (
					"DEBUG=1",
					"$(inherited)",
				);
				GCC_WARN_64_TO_32_BIT_CONVERSION = YES;
				GCC_WARN_ABOUT_RETURN_TYPE = YES_ERROR;
				GCC_WARN_UNDECLARED_SELECTOR = YES;
				GCC_WARN_UNINITIALIZED_AUTOS = YES_AGGRESSIVE;
				GCC_WARN_UNUSED_FUNCTION = YES;
				GCC_WARN_UNUSED_VARIABLE = YES;
				IPHONEOS_DEPLOYMENT_TARGET = 16.0;
				MTL_ENABLE_DEBUG_INFO = INCLUDE_SOURCE;
				MTL_FAST_MATH = YES;
				ONLY_ACTIVE_ARCH = YES;
				SDKROOT = iphoneos;
				SWIFT_ACTIVE_COMPILATION_CONDITIONS = DEBUG;
				SWIFT_OPTIMIZATION_LEVEL = "-Onone";
			};
			name = Debug;
		};
		18F9AD15296E504C004A3F0F /* Release */ = {
			isa = XCBuildConfiguration;
			buildSettings = {
				ALWAYS_SEARCH_USER_PATHS = NO;
				CLANG_ANALYZER_NONNULL = YES;
				CLANG_ANALYZER_NUMBER_OBJECT_CONVERSION = YES_AGGRESSIVE;
				CLANG_CXX_LANGUAGE_STANDARD = "gnu++20";
				CLANG_ENABLE_MODULES = YES;
				CLANG_ENABLE_OBJC_ARC = YES;
				CLANG_ENABLE_OBJC_WEAK = YES;
				CLANG_WARN_BLOCK_CAPTURE_AUTORELEASING = YES;
				CLANG_WARN_BOOL_CONVERSION = YES;
				CLANG_WARN_COMMA = YES;
				CLANG_WARN_CONSTANT_CONVERSION = YES;
				CLANG_WARN_DEPRECATED_OBJC_IMPLEMENTATIONS = YES;
				CLANG_WARN_DIRECT_OBJC_ISA_USAGE = YES_ERROR;
				CLANG_WARN_DOCUMENTATION_COMMENTS = YES;
				CLANG_WARN_EMPTY_BODY = YES;
				CLANG_WARN_ENUM_CONVERSION = YES;
				CLANG_WARN_INFINITE_RECURSION = YES;
				CLANG_WARN_INT_CONVERSION = YES;
				CLANG_WARN_NON_LITERAL_NULL_CONVERSION = YES;
				CLANG_WARN_OBJC_IMPLICIT_RETAIN_SELF = YES;
				CLANG_WARN_OBJC_LITERAL_CONVERSION = YES;
				CLANG_WARN_OBJC_ROOT_CLASS = YES_ERROR;
				CLANG_WARN_QUOTED_INCLUDE_IN_FRAMEWORK_HEADER = YES;
				CLANG_WARN_RANGE_LOOP_ANALYSIS = YES;
				CLANG_WARN_STRICT_PROTOTYPES = YES;
				CLANG_WARN_SUSPICIOUS_MOVE = YES;
				CLANG_WARN_UNGUARDED_AVAILABILITY = YES_AGGRESSIVE;
				CLANG_WARN_UNREACHABLE_CODE = YES;
				CLANG_WARN__DUPLICATE_METHOD_MATCH = YES;
				COPY_PHASE_STRIP = NO;
				DEBUG_INFORMATION_FORMAT = "dwarf-with-dsym";
				ENABLE_NS_ASSERTIONS = NO;
				ENABLE_STRICT_OBJC_MSGSEND = YES;
				GCC_C_LANGUAGE_STANDARD = gnu11;
				GCC_NO_COMMON_BLOCKS = YES;
				GCC_WARN_64_TO_32_BIT_CONVERSION = YES;
				GCC_WARN_ABOUT_RETURN_TYPE = YES_ERROR;
				GCC_WARN_UNDECLARED_SELECTOR = YES;
				GCC_WARN_UNINITIALIZED_AUTOS = YES_AGGRESSIVE;
				GCC_WARN_UNUSED_FUNCTION = YES;
				GCC_WARN_UNUSED_VARIABLE = YES;
				IPHONEOS_DEPLOYMENT_TARGET = 16.0;
				MTL_ENABLE_DEBUG_INFO = NO;
				MTL_FAST_MATH = YES;
				SDKROOT = iphoneos;
				SWIFT_COMPILATION_MODE = wholemodule;
				SWIFT_OPTIMIZATION_LEVEL = "-O";
				VALIDATE_PRODUCT = YES;
			};
			name = Release;
		};
		18F9AD17296E504C004A3F0F /* Debug */ = {
			isa = XCBuildConfiguration;
			buildSettings = {
				ALWAYS_EMBED_SWIFT_STANDARD_LIBRARIES = YES;
				ASSETCATALOG_COMPILER_APPICON_NAME = AppIcon;
				ASSETCATALOG_COMPILER_GLOBAL_ACCENT_COLOR_NAME = AccentColor;
				CODE_SIGN_STYLE = Automatic;
				CURRENT_PROJECT_VERSION = 1;
				DEVELOPMENT_ASSET_PATHS = "\"DevoteCoreData/Preview Content\"";
				DEVELOPMENT_TEAM = A8MY7W6Z5F;
				ENABLE_PREVIEWS = YES;
				GENERATE_INFOPLIST_FILE = YES;
				INFOPLIST_FILE = DevoteCoreData/Info.plist;
				INFOPLIST_KEY_UIApplicationSceneManifest_Generation = YES;
				INFOPLIST_KEY_UIApplicationSupportsIndirectInputEvents = YES;
				INFOPLIST_KEY_UISupportedInterfaceOrientations = UIInterfaceOrientationPortrait;
				INFOPLIST_KEY_UISupportedInterfaceOrientations_iPad = "UIInterfaceOrientationLandscapeLeft UIInterfaceOrientationLandscapeRight UIInterfaceOrientationPortrait UIInterfaceOrientationPortraitUpsideDown";
				LD_RUNPATH_SEARCH_PATHS = (
					"$(inherited)",
					"@executable_path/Frameworks",
				);
				MARKETING_VERSION = 1.0;
				PRODUCT_BUNDLE_IDENTIFIER = com.GS.L.DevoteCoreData;
				PRODUCT_NAME = "$(TARGET_NAME)";
				SWIFT_EMIT_LOC_STRINGS = YES;
				SWIFT_VERSION = 5.0;
				TARGETED_DEVICE_FAMILY = "1,2";
			};
			name = Debug;
		};
		18F9AD18296E504C004A3F0F /* Release */ = {
			isa = XCBuildConfiguration;
			buildSettings = {
				ALWAYS_EMBED_SWIFT_STANDARD_LIBRARIES = YES;
				ASSETCATALOG_COMPILER_APPICON_NAME = AppIcon;
				ASSETCATALOG_COMPILER_GLOBAL_ACCENT_COLOR_NAME = AccentColor;
				CODE_SIGN_STYLE = Automatic;
				CURRENT_PROJECT_VERSION = 1;
				DEVELOPMENT_ASSET_PATHS = "\"DevoteCoreData/Preview Content\"";
				DEVELOPMENT_TEAM = A8MY7W6Z5F;
				ENABLE_PREVIEWS = YES;
				GENERATE_INFOPLIST_FILE = YES;
				INFOPLIST_FILE = DevoteCoreData/Info.plist;
				INFOPLIST_KEY_UIApplicationSceneManifest_Generation = YES;
				INFOPLIST_KEY_UIApplicationSupportsIndirectInputEvents = YES;
				INFOPLIST_KEY_UISupportedInterfaceOrientations = UIInterfaceOrientationPortrait;
				INFOPLIST_KEY_UISupportedInterfaceOrientations_iPad = "UIInterfaceOrientationLandscapeLeft UIInterfaceOrientationLandscapeRight UIInterfaceOrientationPortrait UIInterfaceOrientationPortraitUpsideDown";
				LD_RUNPATH_SEARCH_PATHS = (
					"$(inherited)",
					"@executable_path/Frameworks",
				);
				MARKETING_VERSION = 1.0;
				PRODUCT_BUNDLE_IDENTIFIER = com.GS.L.DevoteCoreData;
				PRODUCT_NAME = "$(TARGET_NAME)";
				SWIFT_EMIT_LOC_STRINGS = YES;
				SWIFT_VERSION = 5.0;
				TARGETED_DEVICE_FAMILY = "1,2";
			};
			name = Release;
		};
/* End XCBuildConfiguration section */

/* Begin XCConfigurationList section */
		18F0F4512986D68D00FACA23 /* Build configuration list for PBXNativeTarget "DevoteWidgetExtension" */ = {
			isa = XCConfigurationList;
			buildConfigurations = (
				18F0F4522986D68D00FACA23 /* Debug */,
				18F0F4532986D68D00FACA23 /* Release */,
			);
			defaultConfigurationIsVisible = 0;
			defaultConfigurationName = Release;
		};
		18F9ACFE296E5049004A3F0F /* Build configuration list for PBXProject "DevoteCoreData" */ = {
			isa = XCConfigurationList;
			buildConfigurations = (
				18F9AD14296E504C004A3F0F /* Debug */,
				18F9AD15296E504C004A3F0F /* Release */,
			);
			defaultConfigurationIsVisible = 0;
			defaultConfigurationName = Release;
		};
		18F9AD16296E504C004A3F0F /* Build configuration list for PBXNativeTarget "DevoteCoreData" */ = {
			isa = XCConfigurationList;
			buildConfigurations = (
				18F9AD17296E504C004A3F0F /* Debug */,
				18F9AD18296E504C004A3F0F /* Release */,
			);
			defaultConfigurationIsVisible = 0;
			defaultConfigurationName = Release;
		};
/* End XCConfigurationList section */

/* Begin XCVersionGroup section */
		18F9AD11296E504C004A3F0F /* DevoteCoreData.xcdatamodeld */ = {
			isa = XCVersionGroup;
			children = (
				18F9AD12296E504C004A3F0F /* DevoteCoreData.xcdatamodel */,
			);
			currentVersion = 18F9AD12296E504C004A3F0F /* DevoteCoreData.xcdatamodel */;
			path = DevoteCoreData.xcdatamodeld;
			sourceTree = "<group>";
			versionGroupType = wrapper.xcdatamodel;
		};
/* End XCVersionGroup section */
	};
	rootObject = 18F9ACFB296E5049004A3F0F /* Project object */;
}
